
Microsoft Visual Studio Solution File, Format Version 12.00
# Visual Studio Version 16
VisualStudioVersion = 16.0.32413.511
MinimumVisualStudioVersion = 10.0.40219.1
Project("{FAE04EC0-301F-11D3-BF4B-00C04F79EFBC}") = "eTickets", "eTickets.csproj", "{E565945F-5258-448D-B91C-0941D28C6040}"
EndProject
Global
	GlobalSection(SolutionConfigurationPlatforms) = preSolution
		Debug|Any CPU = Debug|Any CPU
		Release|Any CPU = Release|Any CPU
	EndGlobalSection
	GlobalSection(ProjectConfigurationPlatforms) = postSolution
		{E565945F-5258-448D-B91C-0941D28C6040}.Debug|Any CPU.ActiveCfg = Debug|Any CPU
		{E565945F-5258-448D-B91C-0941D28C6040}.Debug|Any CPU.Build.0 = Debug|Any CPU
		{E565945F-5258-448D-B91C-0941D28C6040}.Release|Any CPU.ActiveCfg = Release|Any CPU
		{E565945F-5258-448D-B91C-0941D28C6040}.Release|Any CPU.Build.0 = Release|Any CPU
	EndGlobalSection
	GlobalSection(SolutionProperties) = preSolution
		HideSolutionNode = FALSE
	EndGlobalSection
	GlobalSection(ExtensibilityGlobals) = postSolution
		SolutionGuid = {1F5DEF7A-4E81-4957-9575-D55DA4F805A9}
	EndGlobalSection
EndGlobal
